
Microsoft Visual Studio Solution File, Format Version 12.00
# Visual Studio 15
VisualStudioVersion = 15.0.26228.10
MinimumVisualStudioVersion = 10.0.40219.1
Project("{9A19103F-16F7-4668-BE54-9A1E7A4F7556}") = "HashtagAggregator.Shared.Common", "HashtagAggregator.Shared.Common\HashtagAggregator.Shared.Common.csproj", "{89878049-0D66-463F-8300-F42BEA83FB06}"
EndProject
Project("{9A19103F-16F7-4668-BE54-9A1E7A4F7556}") = "HashtagAggregator.Shared.Contracts", "HashtagAggregator.Shared.Contracts\HashtagAggregator.Shared.Contracts.csproj", "{F7AD6FA5-EC00-4EFF-8683-D88E6AAECBE0}"
EndProject
Project("{9A19103F-16F7-4668-BE54-9A1E7A4F7556}") = "HashtagAggregator.Shared.Logging", "HashtagAggregator.Shared.Logging\HashtagAggregator.Shared.Logging.csproj", "{8CDDB40D-3747-4742-8F64-DCA05356F65A}"
EndProject
Project("{9A19103F-16F7-4668-BE54-9A1E7A4F7556}") = "HashtagAggregator.Core.Contracts", "HashtagAggregator.Core.Contracts\HashtagAggregator.Core.Contracts.csproj", "{787C1046-7142-4204-83E3-AF0ADC53D387}"
EndProject
Project("{FAE04EC0-301F-11D3-BF4B-00C04F79EFBC}") = "HashtagAggregator.Service.Contracts", "HashtagAggregator.Service.Contracts\HashtagAggregator.Service.Contracts.csproj", "{8204E746-DAA7-4BC6-9304-1F9E9271327F}"
EndProject
Global
	GlobalSection(SolutionConfigurationPlatforms) = preSolution
		Debug|Any CPU = Debug|Any CPU
		Release|Any CPU = Release|Any CPU
	EndGlobalSection
	GlobalSection(ProjectConfigurationPlatforms) = postSolution
		{89878049-0D66-463F-8300-F42BEA83FB06}.Debug|Any CPU.ActiveCfg = Debug|Any CPU
		{89878049-0D66-463F-8300-F42BEA83FB06}.Debug|Any CPU.Build.0 = Debug|Any CPU
		{89878049-0D66-463F-8300-F42BEA83FB06}.Release|Any CPU.ActiveCfg = Release|Any CPU
		{89878049-0D66-463F-8300-F42BEA83FB06}.Release|Any CPU.Build.0 = Release|Any CPU
		{F7AD6FA5-EC00-4EFF-8683-D88E6AAECBE0}.Debug|Any CPU.ActiveCfg = Debug|Any CPU
		{F7AD6FA5-EC00-4EFF-8683-D88E6AAECBE0}.Debug|Any CPU.Build.0 = Debug|Any CPU
		{F7AD6FA5-EC00-4EFF-8683-D88E6AAECBE0}.Release|Any CPU.ActiveCfg = Release|Any CPU
		{F7AD6FA5-EC00-4EFF-8683-D88E6AAECBE0}.Release|Any CPU.Build.0 = Release|Any CPU
		{8CDDB40D-3747-4742-8F64-DCA05356F65A}.Debug|Any CPU.ActiveCfg = Debug|Any CPU
		{8CDDB40D-3747-4742-8F64-DCA05356F65A}.Debug|Any CPU.Build.0 = Debug|Any CPU
		{8CDDB40D-3747-4742-8F64-DCA05356F65A}.Release|Any CPU.ActiveCfg = Release|Any CPU
		{8CDDB40D-3747-4742-8F64-DCA05356F65A}.Release|Any CPU.Build.0 = Release|Any CPU
		{787C1046-7142-4204-83E3-AF0ADC53D387}.Debug|Any CPU.ActiveCfg = Debug|Any CPU
		{787C1046-7142-4204-83E3-AF0ADC53D387}.Debug|Any CPU.Build.0 = Debug|Any CPU
		{787C1046-7142-4204-83E3-AF0ADC53D387}.Release|Any CPU.ActiveCfg = Release|Any CPU
		{787C1046-7142-4204-83E3-AF0ADC53D387}.Release|Any CPU.Build.0 = Release|Any CPU
		{8204E746-DAA7-4BC6-9304-1F9E9271327F}.Debug|Any CPU.ActiveCfg = Debug|Any CPU
		{8204E746-DAA7-4BC6-9304-1F9E9271327F}.Debug|Any CPU.Build.0 = Debug|Any CPU
		{8204E746-DAA7-4BC6-9304-1F9E9271327F}.Release|Any CPU.ActiveCfg = Release|Any CPU
		{8204E746-DAA7-4BC6-9304-1F9E9271327F}.Release|Any CPU.Build.0 = Release|Any CPU
	EndGlobalSection
	GlobalSection(SolutionProperties) = preSolution
		HideSolutionNode = FALSE
	EndGlobalSection
EndGlobal
